{
    "_readme": [
        "This file locks the dependencies of your project to a known state",
        "Read more about it at http://getcomposer.org/doc/01-basic-usage.md#composer-lock-the-lock-file",
        "This file is @generated automatically"
    ],
    "hash": "50be8b0721283531826d2d7744a80d66",
    "packages": [
        {
            "name": "aura/sqlquery",
            "version": "2.1.0",
            "source": {
                "type": "git",
                "url": "https://github.com/auraphp/Aura.SqlQuery.git",
                "reference": "72286cc7b928fe9884d603cabf4d5969b93cc3af"
            },
            "dist": {
                "type": "zip",
                "url": "https://api.github.com/repos/auraphp/Aura.SqlQuery/zipball/72286cc7b928fe9884d603cabf4d5969b93cc3af",
                "reference": "72286cc7b928fe9884d603cabf4d5969b93cc3af",
                "shasum": ""
            },
            "require": {
                "php": ">=5.3.0"
            },
            "suggest": {
                "aura/sql": "Provides an extension to the native PDO along with a profiler and connection locator. Use version 2.*."
            },
            "type": "library",
            "extra": {
                "aura": {
                    "type": "library"
                },
                "branch-alias": {
                    "dev-develop-2": "2.0.x-dev"
                }
            },
            "autoload": {
                "psr-4": {
                    "Aura\\SqlQuery\\": "src/"
                }
            },
            "notification-url": "https://packagist.org/downloads/",
            "license": [
                "BSD-2-Clause"
            ],
            "authors": [
                {
                    "name": "Aura.SqlQuery Contributors",
                    "homepage": "https://github.com/auraphp/Aura.SqlQuery/contributors"
                }
            ],
            "description": "Object-oriented query builders for MySQL, Postgres, SQLite, and SQLServer; can be used with any database connection library.",
            "homepage": "https://github.com/auraphp/Aura.SqlQuery",
            "keywords": [
                "database",
                "db",
                "delete",
                "dml",
                "insert",
                "mysql",
                "pdo",
                "pgsql",
                "postgres",
                "postgresql",
                "query",
                "select",
                "sql",
                "sql server",
                "sqlite",
                "sqlserver",
                "update"
            ],
            "time": "2014-08-24 20:35:43"
        },
        {
            "name": "composer/installers",
            "version": "dev-master",
            "source": {
                "type": "git",
                "url": "https://github.com/composer/installers.git",
                "reference": "a66f93a541c2214b4865161426b077e2b7d951de"
            },
            "dist": {
                "type": "zip",
                "url": "https://api.github.com/repos/composer/installers/zipball/a66f93a541c2214b4865161426b077e2b7d951de",
                "reference": "a66f93a541c2214b4865161426b077e2b7d951de",
                "shasum": ""
            },
            "replace": {
                "roundcube/plugin-installer": "*",
                "shama/baton": "*"
            },
            "require-dev": {
                "composer/composer": "1.0.*@dev",
                "phpunit/phpunit": "4.1.*"
            },
            "type": "composer-installer",
            "extra": {
                "class": "Composer\\Installers\\Installer",
                "branch-alias": {
                    "dev-master": "1.0-dev"
                }
            },
            "autoload": {
                "psr-0": {
                    "Composer\\Installers\\": "src/"
                }
            },
            "notification-url": "https://packagist.org/downloads/",
            "license": [
                "MIT"
            ],
            "authors": [
                {
                    "name": "Kyle Robinson Young",
                    "email": "kyle@dontkry.com",
                    "homepage": "https://github.com/shama"
                }
            ],
            "description": "A multi-framework Composer library installer",
            "homepage": "http://composer.github.com/installers/",
            "keywords": [
                "Craft",
                "Dolibarr",
                "Hurad",
                "MODX Evo",
                "OXID",
                "SMF",
                "Thelia",
                "WolfCMS",
                "agl",
                "aimeos",
                "annotatecms",
                "bitrix",
                "cakephp",
                "chef",
                "codeigniter",
                "concrete5",
                "croogo",
                "dokuwiki",
                "drupal",
                "elgg",
                "fuelphp",
                "grav",
                "installer",
                "joomla",
                "kohana",
                "laravel",
                "lithium",
                "magento",
                "mako",
                "mediawiki",
                "modulework",
                "moodle",
                "phpbb",
                "piwik",
                "ppi",
                "puppet",
                "roundcube",
                "shopware",
                "silverstripe",
                "symfony",
                "typo3",
                "wordpress",
                "zend",
                "zikula"
            ],
            "time": "2015-04-21 19:54:55"
        },
        {
            "name": "kohana/cache",
            "version": "dev-3.3/develop",
            "source": {
                "type": "git",
                "url": "https://github.com/kohana/cache.git",
                "reference": "e001903db55c2af92737da2f3cf957e94282417c"
            },
            "dist": {
                "type": "zip",
                "url": "https://api.github.com/repos/kohana/cache/zipball/e001903db55c2af92737da2f3cf957e94282417c",
                "reference": "e001903db55c2af92737da2f3cf957e94282417c",
                "shasum": ""
            },
            "require": {
                "composer/installers": "~1.0",
                "kohana/core": ">=3.3",
                "php": ">=5.3.3"
            },
            "require-dev": {
                "kohana/core": "3.3.*@dev",
                "kohana/koharness": "*@dev",
                "kohana/unittest": "3.3.*@dev"
            },
            "type": "kohana-module",
            "extra": {
                "branch-alias": {
                    "dev-3.3/develop": "3.3.x-dev",
                    "dev-3.4/develop": "3.4.x-dev"
                },
                "installer-paths": {
                    "vendor/{$vendor}/{$name}": [
                        "type:kohana-module"
                    ]
                }
            },
            "notification-url": "https://packagist.org/downloads/",
            "license": [
                "BSD-3-Clause"
            ],
            "authors": [
                {
                    "name": "Kohana Team",
                    "email": "team@kohanaframework.org",
                    "homepage": "http://kohanaframework.org/team",
                    "role": "developer"
                }
            ],
            "description": "The official Kohana cache management module",
            "homepage": "http://kohanaframework.org",
            "keywords": [
                "cache",
                "framework",
                "kohana"
            ],
            "time": "2015-03-13 15:58:40"
        },
        {
            "name": "kohana/core",
            "version": "dev-3.3/develop",
            "source": {
                "type": "git",
                "url": "https://github.com/kohana/core.git",
                "reference": "0ac5a8e71715f1fc15d35f2da19fce97de98e46a"
            },
            "dist": {
                "type": "zip",
                "url": "https://api.github.com/repos/kohana/core/zipball/0ac5a8e71715f1fc15d35f2da19fce97de98e46a",
                "reference": "0ac5a8e71715f1fc15d35f2da19fce97de98e46a",
                "shasum": ""
            },
            "require": {
                "php": ">=5.3.3"
            },
            "require-dev": {
                "kohana/koharness": "*@dev",
                "kohana/unittest": "3.3.*@dev"
            },
            "suggest": {
                "ext-curl": "*",
                "ext-http": "*",
                "ext-mcrypt": "*"
            },
            "type": "library",
            "extra": {
                "installer-paths": {
                    "vendor/{$vendor}/{$name}": [
                        "type:kohana-module"
                    ]
                },
                "branch-alias": {
                    "dev-3.3/develop": "3.3.x-dev",
                    "dev-3.4/develop": "3.4.x-dev"
                }
            },
            "notification-url": "https://packagist.org/downloads/",
            "license": [
                "BSD-3-Clause"
            ],
            "authors": [
                {
                    "name": "Kohana Team",
                    "email": "team@kohanaframework.org",
                    "homepage": "http://kohanaframework.org/team",
                    "role": "developer"
                }
            ],
            "description": "Core system classes for the Kohana application framework",
            "homepage": "http://kohanaframework.org",
            "keywords": [
                "framework",
                "kohana"
            ],
            "time": "2015-04-21 05:55:41"
        }
    ],
    "packages-dev": [],
    "aliases": [],
    "minimum-stability": "dev",
    "stability-flags": [],
    "prefer-stable": false,
    "prefer-lowest": false,
    "platform": {
        "php": ">=5.4.0"
    },
    "platform-dev": []
}
